
Microsoft Visual Studio Solution File, Format Version 12.00
# Visual Studio Version 17
VisualStudioVersion = 17.5.002.0
MinimumVisualStudioVersion = 10.0.40219.1
Project("{9A19103F-16F7-4668-BE54-9A1E7A4F7556}") = "prometoFoodTrucksBackend", "prometoFoodTrucksBackend.csproj", "{FB7AF6F0-257C-46DB-96DD-45EC97968E8F}"
EndProject
Global
	GlobalSection(SolutionConfigurationPlatforms) = preSolution
		Debug|Any CPU = Debug|Any CPU
		Release|Any CPU = Release|Any CPU
	EndGlobalSection
	GlobalSection(ProjectConfigurationPlatforms) = postSolution
		{FB7AF6F0-257C-46DB-96DD-45EC97968E8F}.Debug|Any CPU.ActiveCfg = Debug|Any CPU
		{FB7AF6F0-257C-46DB-96DD-45EC97968E8F}.Debug|Any CPU.Build.0 = Debug|Any CPU
		{FB7AF6F0-257C-46DB-96DD-45EC97968E8F}.Release|Any CPU.ActiveCfg = Release|Any CPU
		{FB7AF6F0-257C-46DB-96DD-45EC97968E8F}.Release|Any CPU.Build.0 = Release|Any CPU
	EndGlobalSection
	GlobalSection(SolutionProperties) = preSolution
		HideSolutionNode = FALSE
	EndGlobalSection
	GlobalSection(ExtensibilityGlobals) = postSolution
		SolutionGuid = {C34FC027-1FC5-47D1-A624-F3D2615C410B}
	EndGlobalSection
EndGlobal
